
Microsoft Visual Studio Solution File, Format Version 12.00
# Visual Studio Version 16
VisualStudioVersion = 16.0.31205.134
MinimumVisualStudioVersion = 10.0.40219.1
Project("{9A19103F-16F7-4668-BE54-9A1E7A4F7556}") = "allTdL", "allTdL\allTdL.csproj", "{659FFF5E-6E7B-4652-A2BD-2AEC3112FEC4}"
EndProject
Project("{9A19103F-16F7-4668-BE54-9A1E7A4F7556}") = "allTdL.Core", "allTdL.Core\allTdL.Core.csproj", "{43CF6AB9-B621-47DA-84F3-AC2BAB637EF5}"
EndProject
Project("{9A19103F-16F7-4668-BE54-9A1E7A4F7556}") = "Module.Manager", "mods\Module.Manager\Module.Manager.csproj", "{BD69E2E0-662C-4354-B6E6-C73F6F5E6117}"
EndProject
Project("{9A19103F-16F7-4668-BE54-9A1E7A4F7556}") = "allTdL.Mods.ToDo", "mods\allTdL.Mods.ToDo\allTdL.Mods.ToDo.csproj", "{79EECB64-7625-4658-B7BC-DD121CA58A2D}"
EndProject
Project("{9A19103F-16F7-4668-BE54-9A1E7A4F7556}") = "ModuleStocks", "mods\ModuleStocks\ModuleStocks.csproj", "{1F8BAE13-17F7-4DEB-9395-13D8960AB3D7}"
EndProject
Project("{9A19103F-16F7-4668-BE54-9A1E7A4F7556}") = "ModuleA", "mods\ModuleA\ModuleA.csproj", "{E77811B2-5416-4C2F-89B7-32BBDBAB499B}"
EndProject
Project("{9A19103F-16F7-4668-BE54-9A1E7A4F7556}") = "ModuleFileBrowser", "mods\ModuleFileBrowser\ModuleFileBrowser.csproj", "{F0938D19-B2CF-40FF-9FC0-6D885F631893}"
EndProject
Project("{9A19103F-16F7-4668-BE54-9A1E7A4F7556}") = "LewisFam.Stocks", "..\..\..\..\..\stocks\src\LewisFam.Stocks\LewisFam.Stocks.csproj", "{55B84EFE-EDB3-48BA-8DD5-CBA5C87A84C6}"
EndProject
Project("{9A19103F-16F7-4668-BE54-9A1E7A4F7556}") = "allTdL.Services", "services\allTdL.Services\allTdL.Services.csproj", "{FBC0344F-2740-4E88-BCB5-DD74C30219CE}"
EndProject
Project("{9A19103F-16F7-4668-BE54-9A1E7A4F7556}") = "allTdL.Services.Interfaces", "services\allTdL.Services.Interfaces\allTdL.Services.Interfaces.csproj", "{44A50C1D-3B17-4B97-8B63-39E686EA4CF5}"
EndProject
Project("{2150E333-8FDC-42A3-9474-1A3956D46DE8}") = "Mods", "Mods", "{8F1894E7-A1C0-4E03-A761-F3F24AC59CE1}"
EndProject
Project("{2150E333-8FDC-42A3-9474-1A3956D46DE8}") = "Services", "Services", "{29C42646-2467-433D-A541-3AEE75C1A05F}"
EndProject
Project("{2150E333-8FDC-42A3-9474-1A3956D46DE8}") = "UI", "UI", "{63A01F18-8B5D-496C-AD2D-BC5CF981C102}"
EndProject
Project("{FAE04EC0-301F-11D3-BF4B-00C04F79EFBC}") = "LewisFam.Html", "..\..\LewisFam.Html\LewisFam.Html.csproj", "{9687A675-11DD-4A2B-9146-C5D18FB9A0DA}"
EndProject
Project("{FAE04EC0-301F-11D3-BF4B-00C04F79EFBC}") = "LewisFam.Html.Tests", "..\..\LewisFam.Html.Tests\LewisFam.Html.Tests.csproj", "{D99BED57-EA34-4977-8A58-7570E22FBFE5}"
EndProject
Project("{9A19103F-16F7-4668-BE54-9A1E7A4F7556}") = "LewisFam.Common", "..\..\..\..\..\lewisfam\LewisFam.Common\src\LewisFam.Common.csproj", "{EB781E62-94C4-404C-AE42-16782168AC2E}"
EndProject
Global
	GlobalSection(SolutionConfigurationPlatforms) = preSolution
		Debug|Any CPU = Debug|Any CPU
		Release|Any CPU = Release|Any CPU
	EndGlobalSection
	GlobalSection(ProjectConfigurationPlatforms) = postSolution
		{659FFF5E-6E7B-4652-A2BD-2AEC3112FEC4}.Debug|Any CPU.ActiveCfg = Debug|Any CPU
		{659FFF5E-6E7B-4652-A2BD-2AEC3112FEC4}.Debug|Any CPU.Build.0 = Debug|Any CPU
		{659FFF5E-6E7B-4652-A2BD-2AEC3112FEC4}.Release|Any CPU.ActiveCfg = Release|Any CPU
		{659FFF5E-6E7B-4652-A2BD-2AEC3112FEC4}.Release|Any CPU.Build.0 = Release|Any CPU
		{43CF6AB9-B621-47DA-84F3-AC2BAB637EF5}.Debug|Any CPU.ActiveCfg = Debug|Any CPU
		{43CF6AB9-B621-47DA-84F3-AC2BAB637EF5}.Debug|Any CPU.Build.0 = Debug|Any CPU
		{43CF6AB9-B621-47DA-84F3-AC2BAB637EF5}.Release|Any CPU.ActiveCfg = Release|Any CPU
		{43CF6AB9-B621-47DA-84F3-AC2BAB637EF5}.Release|Any CPU.Build.0 = Release|Any CPU
		{BD69E2E0-662C-4354-B6E6-C73F6F5E6117}.Debug|Any CPU.ActiveCfg = Debug|Any CPU
		{BD69E2E0-662C-4354-B6E6-C73F6F5E6117}.Debug|Any CPU.Build.0 = Debug|Any CPU
		{BD69E2E0-662C-4354-B6E6-C73F6F5E6117}.Release|Any CPU.ActiveCfg = Release|Any CPU
		{BD69E2E0-662C-4354-B6E6-C73F6F5E6117}.Release|Any CPU.Build.0 = Release|Any CPU
		{79EECB64-7625-4658-B7BC-DD121CA58A2D}.Debug|Any CPU.ActiveCfg = Debug|Any CPU
		{79EECB64-7625-4658-B7BC-DD121CA58A2D}.Debug|Any CPU.Build.0 = Debug|Any CPU
		{79EECB64-7625-4658-B7BC-DD121CA58A2D}.Release|Any CPU.ActiveCfg = Release|Any CPU
		{79EECB64-7625-4658-B7BC-DD121CA58A2D}.Release|Any CPU.Build.0 = Release|Any CPU
		{1F8BAE13-17F7-4DEB-9395-13D8960AB3D7}.Debug|Any CPU.ActiveCfg = Debug|Any CPU
		{1F8BAE13-17F7-4DEB-9395-13D8960AB3D7}.Debug|Any CPU.Build.0 = Debug|Any CPU
		{1F8BAE13-17F7-4DEB-9395-13D8960AB3D7}.Release|Any CPU.ActiveCfg = Release|Any CPU
		{1F8BAE13-17F7-4DEB-9395-13D8960AB3D7}.Release|Any CPU.Build.0 = Release|Any CPU
		{E77811B2-5416-4C2F-89B7-32BBDBAB499B}.Debug|Any CPU.ActiveCfg = Debug|Any CPU
		{E77811B2-5416-4C2F-89B7-32BBDBAB499B}.Debug|Any CPU.Build.0 = Debug|Any CPU
		{E77811B2-5416-4C2F-89B7-32BBDBAB499B}.Release|Any CPU.ActiveCfg = Release|Any CPU
		{E77811B2-5416-4C2F-89B7-32BBDBAB499B}.Release|Any CPU.Build.0 = Release|Any CPU
		{F0938D19-B2CF-40FF-9FC0-6D885F631893}.Debug|Any CPU.ActiveCfg = Debug|Any CPU
		{F0938D19-B2CF-40FF-9FC0-6D885F631893}.Debug|Any CPU.Build.0 = Debug|Any CPU
		{F0938D19-B2CF-40FF-9FC0-6D885F631893}.Release|Any CPU.ActiveCfg = Release|Any CPU
		{F0938D19-B2CF-40FF-9FC0-6D885F631893}.Release|Any CPU.Build.0 = Release|Any CPU
		{55B84EFE-EDB3-48BA-8DD5-CBA5C87A84C6}.Debug|Any CPU.ActiveCfg = Debug|Any CPU
		{55B84EFE-EDB3-48BA-8DD5-CBA5C87A84C6}.Debug|Any CPU.Build.0 = Debug|Any CPU
		{55B84EFE-EDB3-48BA-8DD5-CBA5C87A84C6}.Release|Any CPU.ActiveCfg = Release|Any CPU
		{55B84EFE-EDB3-48BA-8DD5-CBA5C87A84C6}.Release|Any CPU.Build.0 = Release|Any CPU
		{FBC0344F-2740-4E88-BCB5-DD74C30219CE}.Debug|Any CPU.ActiveCfg = Debug|Any CPU
		{FBC0344F-2740-4E88-BCB5-DD74C30219CE}.Debug|Any CPU.Build.0 = Debug|Any CPU
		{FBC0344F-2740-4E88-BCB5-DD74C30219CE}.Release|Any CPU.ActiveCfg = Release|Any CPU
		{FBC0344F-2740-4E88-BCB5-DD74C30219CE}.Release|Any CPU.Build.0 = Release|Any CPU
		{44A50C1D-3B17-4B97-8B63-39E686EA4CF5}.Debug|Any CPU.ActiveCfg = Debug|Any CPU
		{44A50C1D-3B17-4B97-8B63-39E686EA4CF5}.Debug|Any CPU.Build.0 = Debug|Any CPU
		{44A50C1D-3B17-4B97-8B63-39E686EA4CF5}.Release|Any CPU.ActiveCfg = Release|Any CPU
		{44A50C1D-3B17-4B97-8B63-39E686EA4CF5}.Release|Any CPU.Build.0 = Release|Any CPU
		{9687A675-11DD-4A2B-9146-C5D18FB9A0DA}.Debug|Any CPU.ActiveCfg = Debug|Any CPU
		{9687A675-11DD-4A2B-9146-C5D18FB9A0DA}.Debug|Any CPU.Build.0 = Debug|Any CPU
		{9687A675-11DD-4A2B-9146-C5D18FB9A0DA}.Release|Any CPU.ActiveCfg = Release|Any CPU
		{9687A675-11DD-4A2B-9146-C5D18FB9A0DA}.Release|Any CPU.Build.0 = Release|Any CPU
		{D99BED57-EA34-4977-8A58-7570E22FBFE5}.Debug|Any CPU.ActiveCfg = Debug|Any CPU
		{D99BED57-EA34-4977-8A58-7570E22FBFE5}.Debug|Any CPU.Build.0 = Debug|Any CPU
		{D99BED57-EA34-4977-8A58-7570E22FBFE5}.Release|Any CPU.ActiveCfg = Release|Any CPU
		{D99BED57-EA34-4977-8A58-7570E22FBFE5}.Release|Any CPU.Build.0 = Release|Any CPU
		{EB781E62-94C4-404C-AE42-16782168AC2E}.Debug|Any CPU.ActiveCfg = Debug|Any CPU
		{EB781E62-94C4-404C-AE42-16782168AC2E}.Debug|Any CPU.Build.0 = Debug|Any CPU
		{EB781E62-94C4-404C-AE42-16782168AC2E}.Release|Any CPU.ActiveCfg = Release|Any CPU
		{EB781E62-94C4-404C-AE42-16782168AC2E}.Release|Any CPU.Build.0 = Release|Any CPU
	EndGlobalSection
	GlobalSection(SolutionProperties) = preSolution
		HideSolutionNode = FALSE
	EndGlobalSection
	GlobalSection(NestedProjects) = preSolution
		{659FFF5E-6E7B-4652-A2BD-2AEC3112FEC4} = {63A01F18-8B5D-496C-AD2D-BC5CF981C102}
		{43CF6AB9-B621-47DA-84F3-AC2BAB637EF5} = {63A01F18-8B5D-496C-AD2D-BC5CF981C102}
		{BD69E2E0-662C-4354-B6E6-C73F6F5E6117} = {8F1894E7-A1C0-4E03-A761-F3F24AC59CE1}
		{79EECB64-7625-4658-B7BC-DD121CA58A2D} = {8F1894E7-A1C0-4E03-A761-F3F24AC59CE1}
		{1F8BAE13-17F7-4DEB-9395-13D8960AB3D7} = {8F1894E7-A1C0-4E03-A761-F3F24AC59CE1}
		{E77811B2-5416-4C2F-89B7-32BBDBAB499B} = {8F1894E7-A1C0-4E03-A761-F3F24AC59CE1}
		{F0938D19-B2CF-40FF-9FC0-6D885F631893} = {8F1894E7-A1C0-4E03-A761-F3F24AC59CE1}
		{55B84EFE-EDB3-48BA-8DD5-CBA5C87A84C6} = {29C42646-2467-433D-A541-3AEE75C1A05F}
		{FBC0344F-2740-4E88-BCB5-DD74C30219CE} = {29C42646-2467-433D-A541-3AEE75C1A05F}
		{44A50C1D-3B17-4B97-8B63-39E686EA4CF5} = {29C42646-2467-433D-A541-3AEE75C1A05F}
		{9687A675-11DD-4A2B-9146-C5D18FB9A0DA} = {29C42646-2467-433D-A541-3AEE75C1A05F}
	EndGlobalSection
	GlobalSection(ExtensibilityGlobals) = postSolution
		SolutionGuid = {1B563714-FBA1-439E-B7D6-CDDB3CA25F2B}
	EndGlobalSection
EndGlobal
