
Microsoft Visual Studio Solution File, Format Version 12.00
# Visual Studio Version 16
VisualStudioVersion = 16.6.30114.105
MinimumVisualStudioVersion = 10.0.40219.1
Project("{9A19103F-16F7-4668-BE54-9A1E7A4F7556}") = "TdL.Web.Mvc", "TdL.Web.Mvc\TdL.Web.Mvc.csproj", "{866435B4-F7FE-461F-9DEE-620013E06C03}"
EndProject
Project("{9A19103F-16F7-4668-BE54-9A1E7A4F7556}") = "LewisFam.Stocks", "..\..\..\..\..\stocks\src\LewisFam.Stocks\LewisFam.Stocks.csproj", "{23648A71-187E-4BB9-BE48-03EF943525F7}"
EndProject
Global
	GlobalSection(SolutionConfigurationPlatforms) = preSolution
		Debug|Any CPU = Debug|Any CPU
		Release|Any CPU = Release|Any CPU
	EndGlobalSection
	GlobalSection(ProjectConfigurationPlatforms) = postSolution
		{866435B4-F7FE-461F-9DEE-620013E06C03}.Debug|Any CPU.ActiveCfg = Debug|Any CPU
		{866435B4-F7FE-461F-9DEE-620013E06C03}.Debug|Any CPU.Build.0 = Debug|Any CPU
		{866435B4-F7FE-461F-9DEE-620013E06C03}.Release|Any CPU.ActiveCfg = Release|Any CPU
		{866435B4-F7FE-461F-9DEE-620013E06C03}.Release|Any CPU.Build.0 = Release|Any CPU
		{23648A71-187E-4BB9-BE48-03EF943525F7}.Debug|Any CPU.ActiveCfg = Debug|Any CPU
		{23648A71-187E-4BB9-BE48-03EF943525F7}.Debug|Any CPU.Build.0 = Debug|Any CPU
		{23648A71-187E-4BB9-BE48-03EF943525F7}.Release|Any CPU.ActiveCfg = Release|Any CPU
		{23648A71-187E-4BB9-BE48-03EF943525F7}.Release|Any CPU.Build.0 = Release|Any CPU
	EndGlobalSection
	GlobalSection(SolutionProperties) = preSolution
		HideSolutionNode = FALSE
	EndGlobalSection
	GlobalSection(ExtensibilityGlobals) = postSolution
		SolutionGuid = {15B65FD4-6CE7-4828-8FB7-33174AF392F3}
	EndGlobalSection
EndGlobal
